{
    "_readme": [
        "This file locks the dependencies of your project to a known state",
        "Read more about it at https://getcomposer.org/doc/01-basic-usage.md#installing-dependencies",
        "This file is @generated automatically"
    ],
    "content-hash": "f2ede55171cdbb874de99962f2e4eb9c",
    "packages": [
        {
            "name": "cakephp/core",
            "version": "4.4.14",
            "source": {
                "type": "git",
                "url": "https://github.com/cakephp/core.git",
                "reference": "ded708dbeb10a27ffcb4e3a87d1ceec33614ad63"
            },
            "dist": {
                "type": "zip",
                "url": "https://api.github.com/repos/cakephp/core/zipball/ded708dbeb10a27ffcb4e3a87d1ceec33614ad63",
                "reference": "ded708dbeb10a27ffcb4e3a87d1ceec33614ad63",
                "shasum": ""
            },
            "require": {
                "cakephp/utility": "^4.0",
                "php": ">=7.4.0"
            },
            "provide": {
                "psr/container-implementation": "^1.0 || ^2.0"
            },
            "suggest": {
                "cakephp/cache": "To use Configure::store() and restore().",
                "cakephp/event": "To use PluginApplicationInterface or plugin applications.",
                "league/container": "To use Container and ServiceProvider classes"
            },
            "type": "library",
            "autoload": {
                "files": [
                    "functions.php"
                ],
                "psr-4": {
                    "Cake\\Core\\": "."
                }
            },
            "notification-url": "https://packagist.org/downloads/",
            "license": [
                "MIT"
            ],
            "authors": [
                {
                    "name": "CakePHP Community",
                    "homepage": "https://github.com/cakephp/core/graphs/contributors"
                }
            ],
            "description": "CakePHP Framework Core classes",
            "homepage": "https://cakephp.org",
            "keywords": [
                "cakephp",
                "core",
                "framework"
            ],
            "support": {
                "forum": "https://stackoverflow.com/tags/cakephp",
                "irc": "irc://irc.freenode.org/cakephp",
                "issues": "https://github.com/cakephp/cakephp/issues",
                "source": "https://github.com/cakephp/core"
            },
            "time": "2023-05-16T13:58:50+00:00"
        },
        {
            "name": "cakephp/database",
            "version": "4.4.14",
            "source": {
                "type": "git",
                "url": "https://github.com/cakephp/database.git",
                "reference": "752e3dfa61be055bf9d360880f00ab4ccfea6d1e"
            },
            "dist": {
                "type": "zip",
                "url": "https://api.github.com/repos/cakephp/database/zipball/752e3dfa61be055bf9d360880f00ab4ccfea6d1e",
                "reference": "752e3dfa61be055bf9d360880f00ab4ccfea6d1e",
                "shasum": ""
            },
            "require": {
                "cakephp/core": "^4.0",
                "cakephp/datasource": "^4.0",
                "php": ">=7.4.0"
            },
            "suggest": {
                "cakephp/i18n": "If you are using locale-aware datetime formats or Chronos types.",
                "cakephp/log": "If you want to use query logging without providing a logger yourself."
            },
            "type": "library",
            "autoload": {
                "psr-4": {
                    "Cake\\Database\\": "."
                }
            },
            "notification-url": "https://packagist.org/downloads/",
            "license": [
                "MIT"
            ],
            "authors": [
                {
                    "name": "CakePHP Community",
                    "homepage": "https://github.com/cakephp/database/graphs/contributors"
                }
            ],
            "description": "Flexible and powerful Database abstraction library with a familiar PDO-like API",
            "homepage": "https://cakephp.org",
            "keywords": [
                "abstraction",
                "cakephp",
                "database",
                "database abstraction",
                "pdo"
            ],
            "support": {
                "forum": "https://stackoverflow.com/tags/cakephp",
                "irc": "irc://irc.freenode.org/cakephp",
                "issues": "https://github.com/cakephp/cakephp/issues",
                "source": "https://github.com/cakephp/database"
            },
            "time": "2023-04-28T21:24:39+00:00"
        },
        {
            "name": "cakephp/datasource",
            "version": "4.4.14",
            "source": {
                "type": "git",
                "url": "https://github.com/cakephp/datasource.git",
                "reference": "faec70c6e0f78bb5a1db287f9b46a8b2a6fdbb13"
            },
            "dist": {
                "type": "zip",
                "url": "https://api.github.com/repos/cakephp/datasource/zipball/faec70c6e0f78bb5a1db287f9b46a8b2a6fdbb13",
                "reference": "faec70c6e0f78bb5a1db287f9b46a8b2a6fdbb13",
                "shasum": ""
            },
            "require": {
                "cakephp/core": "^4.0",
                "php": ">=7.4.0",
                "psr/log": "^1.0 || ^2.0",
                "psr/simple-cache": "^1.0 || ^2.0"
            },
            "suggest": {
                "cakephp/cache": "If you decide to use Query caching.",
                "cakephp/collection": "If you decide to use ResultSetInterface.",
                "cakephp/utility": "If you decide to use EntityTrait."
            },
            "type": "library",
            "autoload": {
                "psr-4": {
                    "Cake\\Datasource\\": "."
                }
            },
            "notification-url": "https://packagist.org/downloads/",
            "license": [
                "MIT"
            ],
            "authors": [
                {
                    "name": "CakePHP Community",
                    "homepage": "https://github.com/cakephp/datasource/graphs/contributors"
                }
            ],
            "description": "Provides connection managing and traits for Entities and Queries that can be reused for different datastores",
            "homepage": "https://cakephp.org",
            "keywords": [
                "cakephp",
                "connection management",
                "datasource",
                "entity",
                "query"
            ],
            "support": {
                "forum": "https://stackoverflow.com/tags/cakephp",
                "irc": "irc://irc.freenode.org/cakephp",
                "issues": "https://github.com/cakephp/cakephp/issues",
                "source": "https://github.com/cakephp/datasource"
            },
            "time": "2023-04-22T08:15:33+00:00"
        },
        {
            "name": "cakephp/utility",
            "version": "4.4.14",
            "source": {
                "type": "git",
                "url": "https://github.com/cakephp/utility.git",
                "reference": "a6a17c556d02c57259e21127a4f3d3ec5cd8481f"
            },
            "dist": {
                "type": "zip",
                "url": "https://api.github.com/repos/cakephp/utility/zipball/a6a17c556d02c57259e21127a4f3d3ec5cd8481f",
                "reference": "a6a17c556d02c57259e21127a4f3d3ec5cd8481f",
                "shasum": ""
            },
            "require": {
                "cakephp/core": "^4.0",
                "php": ">=7.4.0"
            },
            "suggest": {
                "ext-intl": "To use Text::transliterate() or Text::slug()",
                "lib-ICU": "To use Text::transliterate() or Text::slug()"
            },
            "type": "library",
            "autoload": {
                "files": [
                    "bootstrap.php"
                ],
                "psr-4": {
                    "Cake\\Utility\\": "."
                }
            },
            "notification-url": "https://packagist.org/downloads/",
            "license": [
                "MIT"
            ],
            "authors": [
                {
                    "name": "CakePHP Community",
                    "homepage": "https://github.com/cakephp/utility/graphs/contributors"
                }
            ],
            "description": "CakePHP Utility classes such as Inflector, String, Hash, and Security",
            "homepage": "https://cakephp.org",
            "keywords": [
                "cakephp",
                "hash",
                "inflector",
                "security",
                "string",
                "utility"
            ],
            "support": {
                "forum": "https://stackoverflow.com/tags/cakephp",
                "irc": "irc://irc.freenode.org/cakephp",
                "issues": "https://github.com/cakephp/cakephp/issues",
                "source": "https://github.com/cakephp/utility"
            },
            "time": "2023-02-24T22:07:16+00:00"
        },
        {
            "name": "psr/container",
            "version": "2.0.2",
            "source": {
                "type": "git",
                "url": "https://github.com/php-fig/container.git",
                "reference": "c71ecc56dfe541dbd90c5360474fbc405f8d5963"
            },
            "dist": {
                "type": "zip",
                "url": "https://api.github.com/repos/php-fig/container/zipball/c71ecc56dfe541dbd90c5360474fbc405f8d5963",
                "reference": "c71ecc56dfe541dbd90c5360474fbc405f8d5963",
                "shasum": ""
            },
            "require": {
                "php": ">=7.4.0"
            },
            "type": "library",
            "extra": {
                "branch-alias": {
                    "dev-master": "2.0.x-dev"
                }
            },
            "autoload": {
                "psr-4": {
                    "Psr\\Container\\": "src/"
                }
            },
            "notification-url": "https://packagist.org/downloads/",
            "license": [
                "MIT"
            ],
            "authors": [
                {
                    "name": "PHP-FIG",
                    "homepage": "https://www.php-fig.org/"
                }
            ],
            "description": "Common Container Interface (PHP FIG PSR-11)",
            "homepage": "https://github.com/php-fig/container",
            "keywords": [
                "PSR-11",
                "container",
                "container-interface",
                "container-interop",
                "psr"
            ],
            "support": {
                "issues": "https://github.com/php-fig/container/issues",
                "source": "https://github.com/php-fig/container/tree/2.0.2"
            },
            "time": "2021-11-05T16:47:00+00:00"
        },
        {
            "name": "psr/log",
            "version": "2.0.0",
            "source": {
                "type": "git",
                "url": "https://github.com/php-fig/log.git",
                "reference": "ef29f6d262798707a9edd554e2b82517ef3a9376"
            },
            "dist": {
                "type": "zip",
                "url": "https://api.github.com/repos/php-fig/log/zipball/ef29f6d262798707a9edd554e2b82517ef3a9376",
                "reference": "ef29f6d262798707a9edd554e2b82517ef3a9376",
                "shasum": ""
            },
            "require": {
                "php": ">=8.0.0"
            },
            "type": "library",
            "extra": {
                "branch-alias": {
                    "dev-master": "2.0.x-dev"
                }
            },
            "autoload": {
                "psr-4": {
                    "Psr\\Log\\": "src"
                }
            },
            "notification-url": "https://packagist.org/downloads/",
            "license": [
                "MIT"
            ],
            "authors": [
                {
                    "name": "PHP-FIG",
                    "homepage": "https://www.php-fig.org/"
                }
            ],
            "description": "Common interface for logging libraries",
            "homepage": "https://github.com/php-fig/log",
            "keywords": [
                "log",
                "psr",
                "psr-3"
            ],
            "support": {
                "source": "https://github.com/php-fig/log/tree/2.0.0"
            },
            "time": "2021-07-14T16:41:46+00:00"
        },
        {
            "name": "psr/simple-cache",
            "version": "2.0.0",
            "source": {
                "type": "git",
                "url": "https://github.com/php-fig/simple-cache.git",
                "reference": "8707bf3cea6f710bf6ef05491234e3ab06f6432a"
            },
            "dist": {
                "type": "zip",
                "url": "https://api.github.com/repos/php-fig/simple-cache/zipball/8707bf3cea6f710bf6ef05491234e3ab06f6432a",
                "reference": "8707bf3cea6f710bf6ef05491234e3ab06f6432a",
                "shasum": ""
            },
            "require": {
                "php": ">=8.0.0"
            },
            "type": "library",
            "extra": {
                "branch-alias": {
                    "dev-master": "2.0.x-dev"
                }
            },
            "autoload": {
                "psr-4": {
                    "Psr\\SimpleCache\\": "src/"
                }
            },
            "notification-url": "https://packagist.org/downloads/",
            "license": [
                "MIT"
            ],
            "authors": [
                {
                    "name": "PHP-FIG",
                    "homepage": "https://www.php-fig.org/"
                }
            ],
            "description": "Common interfaces for simple caching",
            "keywords": [
                "cache",
                "caching",
                "psr",
                "psr-16",
                "simple-cache"
            ],
            "support": {
                "source": "https://github.com/php-fig/simple-cache/tree/2.0.0"
            },
            "time": "2021-10-29T13:22:09+00:00"
        },
        {
            "name": "robmorgan/phinx",
            "version": "0.12.13",
            "source": {
                "type": "git",
                "url": "https://github.com/cakephp/phinx.git",
                "reference": "6eb0f295e140ed2804d93396755f0ce9ada4ec07"
            },
            "dist": {
                "type": "zip",
                "url": "https://api.github.com/repos/cakephp/phinx/zipball/6eb0f295e140ed2804d93396755f0ce9ada4ec07",
                "reference": "6eb0f295e140ed2804d93396755f0ce9ada4ec07",
                "shasum": ""
            },
            "require": {
                "cakephp/database": "^4.0",
                "php": ">=7.2",
                "psr/container": "^1.0 || ^2.0",
                "symfony/config": "^3.4|^4.0|^5.0|^6.0",
                "symfony/console": "^3.4|^4.0|^5.0|^6.0"
            },
            "require-dev": {
                "cakephp/cakephp-codesniffer": "^4.0",
                "ext-json": "*",
                "ext-pdo": "*",
                "phpunit/phpunit": "^8.5|^9.3",
                "sebastian/comparator": ">=1.2.3",
                "symfony/yaml": "^3.4|^4.0|^5.0"
            },
            "suggest": {
                "ext-json": "Install if using JSON configuration format",
                "ext-pdo": "PDO extension is needed",
                "symfony/yaml": "Install if using YAML configuration format"
            },
            "bin": [
                "bin/phinx"
            ],
            "type": "library",
            "autoload": {
                "psr-4": {
                    "Phinx\\": "src/Phinx/"
                }
            },
            "notification-url": "https://packagist.org/downloads/",
            "license": [
                "MIT"
            ],
            "authors": [
                {
                    "name": "Rob Morgan",
                    "email": "robbym@gmail.com",
                    "homepage": "https://robmorgan.id.au",
                    "role": "Lead Developer"
                },
                {
                    "name": "Woody Gilk",
                    "email": "woody.gilk@gmail.com",
                    "homepage": "https://shadowhand.me",
                    "role": "Developer"
                },
                {
                    "name": "Richard Quadling",
                    "email": "rquadling@gmail.com",
                    "role": "Developer"
                },
                {
                    "name": "CakePHP Community",
                    "homepage": "https://github.com/cakephp/phinx/graphs/contributors",
                    "role": "Developer"
                }
            ],
            "description": "Phinx makes it ridiculously easy to manage the database migrations for your PHP app.",
            "homepage": "https://phinx.org",
            "keywords": [
                "database",
                "database migrations",
                "db",
                "migrations",
                "phinx"
            ],
            "support": {
                "issues": "https://github.com/cakephp/phinx/issues",
                "source": "https://github.com/cakephp/phinx/tree/0.12.13"
            },
            "time": "2022-10-03T04:57:40+00:00"
        },
        {
            "name": "symfony/config",
            "version": "v6.3.0",
            "source": {
                "type": "git",
                "url": "https://github.com/symfony/config.git",
                "reference": "a5e00dec161b08c946a2c16eed02adbeedf827ae"
            },
            "dist": {
                "type": "zip",
                "url": "https://api.github.com/repos/symfony/config/zipball/a5e00dec161b08c946a2c16eed02adbeedf827ae",
                "reference": "a5e00dec161b08c946a2c16eed02adbeedf827ae",
                "shasum": ""
            },
            "require": {
                "php": ">=8.1",
                "symfony/deprecation-contracts": "^2.5|^3",
                "symfony/filesystem": "^5.4|^6.0",
                "symfony/polyfill-ctype": "~1.8"
            },
            "conflict": {
                "symfony/finder": "<5.4",
                "symfony/service-contracts": "<2.5"
            },
            "require-dev": {
                "symfony/event-dispatcher": "^5.4|^6.0",
                "symfony/finder": "^5.4|^6.0",
                "symfony/messenger": "^5.4|^6.0",
                "symfony/service-contracts": "^2.5|^3",
                "symfony/yaml": "^5.4|^6.0"
            },
            "type": "library",
            "autoload": {
                "psr-4": {
                    "Symfony\\Component\\Config\\": ""
                },
                "exclude-from-classmap": [
                    "/Tests/"
                ]
            },
            "notification-url": "https://packagist.org/downloads/",
            "license": [
                "MIT"
            ],
            "authors": [
                {
                    "name": "Fabien Potencier",
                    "email": "fabien@symfony.com"
                },
                {
                    "name": "Symfony Community",
                    "homepage": "https://symfony.com/contributors"
                }
            ],
            "description": "Helps you find, load, combine, autofill and validate configuration values of any kind",
            "homepage": "https://symfony.com",
            "support": {
                "source": "https://github.com/symfony/config/tree/v6.3.0"
            },
            "funding": [
                {
                    "url": "https://symfony.com/sponsor",
                    "type": "custom"
                },
                {
                    "url": "https://github.com/fabpot",
                    "type": "github"
                },
                {
                    "url": "https://tidelift.com/funding/github/packagist/symfony/symfony",
                    "type": "tidelift"
                }
            ],
            "time": "2023-04-25T10:46:17+00:00"
        },
        {
            "name": "symfony/console",
            "version": "v6.3.0",
            "source": {
                "type": "git",
                "url": "https://github.com/symfony/console.git",
                "reference": "8788808b07cf0bdd6e4b7fdd23d8ddb1470c83b7"
            },
            "dist": {
                "type": "zip",
                "url": "https://api.github.com/repos/symfony/console/zipball/8788808b07cf0bdd6e4b7fdd23d8ddb1470c83b7",
                "reference": "8788808b07cf0bdd6e4b7fdd23d8ddb1470c83b7",
                "shasum": ""
            },
            "require": {
                "php": ">=8.1",
                "symfony/deprecation-contracts": "^2.5|^3",
                "symfony/polyfill-mbstring": "~1.0",
                "symfony/service-contracts": "^2.5|^3",
                "symfony/string": "^5.4|^6.0"
            },
            "conflict": {
                "symfony/dependency-injection": "<5.4",
                "symfony/dotenv": "<5.4",
                "symfony/event-dispatcher": "<5.4",
                "symfony/lock": "<5.4",
                "symfony/process": "<5.4"
            },
            "provide": {
                "psr/log-implementation": "1.0|2.0|3.0"
            },
            "require-dev": {
                "psr/log": "^1|^2|^3",
                "symfony/config": "^5.4|^6.0",
                "symfony/dependency-injection": "^5.4|^6.0",
                "symfony/event-dispatcher": "^5.4|^6.0",
                "symfony/lock": "^5.4|^6.0",
                "symfony/process": "^5.4|^6.0",
                "symfony/var-dumper": "^5.4|^6.0"
            },
            "type": "library",
            "autoload": {
                "psr-4": {
                    "Symfony\\Component\\Console\\": ""
                },
                "exclude-from-classmap": [
                    "/Tests/"
                ]
            },
            "notification-url": "https://packagist.org/downloads/",
            "license": [
                "MIT"
            ],
            "authors": [
                {
                    "name": "Fabien Potencier",
                    "email": "fabien@symfony.com"
                },
                {
                    "name": "Symfony Community",
                    "homepage": "https://symfony.com/contributors"
                }
            ],
            "description": "Eases the creation of beautiful and testable command line interfaces",
            "homepage": "https://symfony.com",
            "keywords": [
                "cli",
                "command-line",
                "console",
                "terminal"
            ],
            "support": {
                "source": "https://github.com/symfony/console/tree/v6.3.0"
            },
            "funding": [
                {
                    "url": "https://symfony.com/sponsor",
                    "type": "custom"
                },
                {
                    "url": "https://github.com/fabpot",
                    "type": "github"
                },
                {
                    "url": "https://tidelift.com/funding/github/packagist/symfony/symfony",
                    "type": "tidelift"
                }
            ],
            "time": "2023-05-29T12:49:39+00:00"
        },
        {
            "name": "symfony/deprecation-contracts",
            "version": "v3.3.0",
            "source": {
                "type": "git",
                "url": "https://github.com/symfony/deprecation-contracts.git",
                "reference": "7c3aff79d10325257a001fcf92d991f24fc967cf"
            },
            "dist": {
                "type": "zip",
                "url": "https://api.github.com/repos/symfony/deprecation-contracts/zipball/7c3aff79d10325257a001fcf92d991f24fc967cf",
                "reference": "7c3aff79d10325257a001fcf92d991f24fc967cf",
                "shasum": ""
            },
            "require": {
                "php": ">=8.1"
            },
            "type": "library",
            "extra": {
                "branch-alias": {
                    "dev-main": "3.4-dev"
                },
                "thanks": {
                    "name": "symfony/contracts",
                    "url": "https://github.com/symfony/contracts"
                }
            },
            "autoload": {
                "files": [
                    "function.php"
                ]
            },
            "notification-url": "https://packagist.org/downloads/",
            "license": [
                "MIT"
            ],
            "authors": [
                {
                    "name": "Nicolas Grekas",
                    "email": "p@tchwork.com"
                },
                {
                    "name": "Symfony Community",
                    "homepage": "https://symfony.com/contributors"
                }
            ],
            "description": "A generic function and convention to trigger deprecation notices",
            "homepage": "https://symfony.com",
            "support": {
                "source": "https://github.com/symfony/deprecation-contracts/tree/v3.3.0"
            },
            "funding": [
                {
                    "url": "https://symfony.com/sponsor",
                    "type": "custom"
                },
                {
                    "url": "https://github.com/fabpot",
                    "type": "github"
                },
                {
                    "url": "https://tidelift.com/funding/github/packagist/symfony/symfony",
                    "type": "tidelift"
                }
            ],
            "time": "2023-05-23T14:45:45+00:00"
        },
        {
            "name": "symfony/filesystem",
            "version": "v6.3.0",
            "source": {
                "type": "git",
                "url": "https://github.com/symfony/filesystem.git",
                "reference": "97b698e1d77d356304def77a8d0cd73090b359ea"
            },
            "dist": {
                "type": "zip",
                "url": "https://api.github.com/repos/symfony/filesystem/zipball/97b698e1d77d356304def77a8d0cd73090b359ea",
                "reference": "97b698e1d77d356304def77a8d0cd73090b359ea",
                "shasum": ""
            },
            "require": {
                "php": ">=8.1",
                "symfony/polyfill-ctype": "~1.8",
                "symfony/polyfill-mbstring": "~1.8"
            },
            "type": "library",
            "autoload": {
                "psr-4": {
                    "Symfony\\Component\\Filesystem\\": ""
                },
                "exclude-from-classmap": [
                    "/Tests/"
                ]
            },
            "notification-url": "https://packagist.org/downloads/",
            "license": [
                "MIT"
            ],
            "authors": [
                {
                    "name": "Fabien Potencier",
                    "email": "fabien@symfony.com"
                },
                {
                    "name": "Symfony Community",
                    "homepage": "https://symfony.com/contributors"
                }
            ],
            "description": "Provides basic utilities for the filesystem",
            "homepage": "https://symfony.com",
            "support": {
                "source": "https://github.com/symfony/filesystem/tree/v6.3.0"
            },
            "funding": [
                {
                    "url": "https://symfony.com/sponsor",
                    "type": "custom"
                },
                {
                    "url": "https://github.com/fabpot",
                    "type": "github"
                },
                {
                    "url": "https://tidelift.com/funding/github/packagist/symfony/symfony",
                    "type": "tidelift"
                }
            ],
            "time": "2023-05-30T17:12:32+00:00"
        },
        {
            "name": "symfony/polyfill-ctype",
            "version": "v1.27.0",
            "source": {
                "type": "git",
                "url": "https://github.com/symfony/polyfill-ctype.git",
                "reference": "5bbc823adecdae860bb64756d639ecfec17b050a"
            },
            "dist": {
                "type": "zip",
                "url": "https://api.github.com/repos/symfony/polyfill-ctype/zipball/5bbc823adecdae860bb64756d639ecfec17b050a",
                "reference": "5bbc823adecdae860bb64756d639ecfec17b050a",
                "shasum": ""
            },
            "require": {
                "php": ">=7.1"
            },
            "provide": {
                "ext-ctype": "*"
            },
            "suggest": {
                "ext-ctype": "For best performance"
            },
            "type": "library",
            "extra": {
                "branch-alias": {
                    "dev-main": "1.27-dev"
                },
                "thanks": {
                    "name": "symfony/polyfill",
                    "url": "https://github.com/symfony/polyfill"
                }
            },
            "autoload": {
                "files": [
                    "bootstrap.php"
                ],
                "psr-4": {
                    "Symfony\\Polyfill\\Ctype\\": ""
                }
            },
            "notification-url": "https://packagist.org/downloads/",
            "license": [
                "MIT"
            ],
            "authors": [
                {
                    "name": "Gert de Pagter",
                    "email": "BackEndTea@gmail.com"
                },
                {
                    "name": "Symfony Community",
                    "homepage": "https://symfony.com/contributors"
                }
            ],
            "description": "Symfony polyfill for ctype functions",
            "homepage": "https://symfony.com",
            "keywords": [
                "compatibility",
                "ctype",
                "polyfill",
                "portable"
            ],
            "support": {
                "source": "https://github.com/symfony/polyfill-ctype/tree/v1.27.0"
            },
            "funding": [
                {
                    "url": "https://symfony.com/sponsor",
                    "type": "custom"
                },
                {
                    "url": "https://github.com/fabpot",
                    "type": "github"
                },
                {
                    "url": "https://tidelift.com/funding/github/packagist/symfony/symfony",
                    "type": "tidelift"
                }
            ],
            "time": "2022-11-03T14:55:06+00:00"
        },
        {
            "name": "symfony/polyfill-intl-grapheme",
            "version": "v1.27.0",
            "source": {
                "type": "git",
                "url": "https://github.com/symfony/polyfill-intl-grapheme.git",
                "reference": "511a08c03c1960e08a883f4cffcacd219b758354"
            },
            "dist": {
                "type": "zip",
                "url": "https://api.github.com/repos/symfony/polyfill-intl-grapheme/zipball/511a08c03c1960e08a883f4cffcacd219b758354",
                "reference": "511a08c03c1960e08a883f4cffcacd219b758354",
                "shasum": ""
            },
            "require": {
                "php": ">=7.1"
            },
            "suggest": {
                "ext-intl": "For best performance"
            },
            "type": "library",
            "extra": {
                "branch-alias": {
                    "dev-main": "1.27-dev"
                },
                "thanks": {
                    "name": "symfony/polyfill",
                    "url": "https://github.com/symfony/polyfill"
                }
            },
            "autoload": {
                "files": [
                    "bootstrap.php"
                ],
                "psr-4": {
                    "Symfony\\Polyfill\\Intl\\Grapheme\\": ""
                }
            },
            "notification-url": "https://packagist.org/downloads/",
            "license": [
                "MIT"
            ],
            "authors": [
                {
                    "name": "Nicolas Grekas",
                    "email": "p@tchwork.com"
                },
                {
                    "name": "Symfony Community",
                    "homepage": "https://symfony.com/contributors"
                }
            ],
            "description": "Symfony polyfill for intl's grapheme_* functions",
            "homepage": "https://symfony.com",
            "keywords": [
                "compatibility",
                "grapheme",
                "intl",
                "polyfill",
                "portable",
                "shim"
            ],
            "support": {
                "source": "https://github.com/symfony/polyfill-intl-grapheme/tree/v1.27.0"
            },
            "funding": [
                {
                    "url": "https://symfony.com/sponsor",
                    "type": "custom"
                },
                {
                    "url": "https://github.com/fabpot",
                    "type": "github"
                },
                {
                    "url": "https://tidelift.com/funding/github/packagist/symfony/symfony",
                    "type": "tidelift"
                }
            ],
            "time": "2022-11-03T14:55:06+00:00"
        },
        {
            "name": "symfony/polyfill-intl-normalizer",
            "version": "v1.27.0",
            "source": {
                "type": "git",
                "url": "https://github.com/symfony/polyfill-intl-normalizer.git",
                "reference": "19bd1e4fcd5b91116f14d8533c57831ed00571b6"
            },
            "dist": {
                "type": "zip",
                "url": "https://api.github.com/repos/symfony/polyfill-intl-normalizer/zipball/19bd1e4fcd5b91116f14d8533c57831ed00571b6",
                "reference": "19bd1e4fcd5b91116f14d8533c57831ed00571b6",
                "shasum": ""
            },
            "require": {
                "php": ">=7.1"
            },
            "suggest": {
                "ext-intl": "For best performance"
            },
            "type": "library",
            "extra": {
                "branch-alias": {
                    "dev-main": "1.27-dev"
                },
                "thanks": {
                    "name": "symfony/polyfill",
                    "url": "https://github.com/symfony/polyfill"
                }
            },
            "autoload": {
                "files": [
                    "bootstrap.php"
                ],
                "psr-4": {
                    "Symfony\\Polyfill\\Intl\\Normalizer\\": ""
                },
                "classmap": [
                    "Resources/stubs"
                ]
            },
            "notification-url": "https://packagist.org/downloads/",
            "license": [
                "MIT"
            ],
            "authors": [
                {
                    "name": "Nicolas Grekas",
                    "email": "p@tchwork.com"
                },
                {
                    "name": "Symfony Community",
                    "homepage": "https://symfony.com/contributors"
                }
            ],
            "description": "Symfony polyfill for intl's Normalizer class and related functions",
            "homepage": "https://symfony.com",
            "keywords": [
                "compatibility",
                "intl",
                "normalizer",
                "polyfill",
                "portable",
                "shim"
            ],
            "support": {
                "source": "https://github.com/symfony/polyfill-intl-normalizer/tree/v1.27.0"
            },
            "funding": [
                {
                    "url": "https://symfony.com/sponsor",
                    "type": "custom"
                },
                {
                    "url": "https://github.com/fabpot",
                    "type": "github"
                },
                {
                    "url": "https://tidelift.com/funding/github/packagist/symfony/symfony",
                    "type": "tidelift"
                }
            ],
            "time": "2022-11-03T14:55:06+00:00"
        },
        {
            "name": "symfony/polyfill-mbstring",
            "version": "v1.27.0",
            "source": {
                "type": "git",
                "url": "https://github.com/symfony/polyfill-mbstring.git",
                "reference": "8ad114f6b39e2c98a8b0e3bd907732c207c2b534"
            },
            "dist": {
                "type": "zip",
                "url": "https://api.github.com/repos/symfony/polyfill-mbstring/zipball/8ad114f6b39e2c98a8b0e3bd907732c207c2b534",
                "reference": "8ad114f6b39e2c98a8b0e3bd907732c207c2b534",
                "shasum": ""
            },
            "require": {
                "php": ">=7.1"
            },
            "provide": {
                "ext-mbstring": "*"
            },
            "suggest": {
                "ext-mbstring": "For best performance"
            },
            "type": "library",
            "extra": {
                "branch-alias": {
                    "dev-main": "1.27-dev"
                },
                "thanks": {
                    "name": "symfony/polyfill",
                    "url": "https://github.com/symfony/polyfill"
                }
            },
            "autoload": {
                "files": [
                    "bootstrap.php"
                ],
                "psr-4": {
                    "Symfony\\Polyfill\\Mbstring\\": ""
                }
            },
            "notification-url": "https://packagist.org/downloads/",
            "license": [
                "MIT"
            ],
            "authors": [
                {
                    "name": "Nicolas Grekas",
                    "email": "p@tchwork.com"
                },
                {
                    "name": "Symfony Community",
                    "homepage": "https://symfony.com/contributors"
                }
            ],
            "description": "Symfony polyfill for the Mbstring extension",
            "homepage": "https://symfony.com",
            "keywords": [
                "compatibility",
                "mbstring",
                "polyfill",
                "portable",
                "shim"
            ],
            "support": {
                "source": "https://github.com/symfony/polyfill-mbstring/tree/v1.27.0"
            },
            "funding": [
                {
                    "url": "https://symfony.com/sponsor",
                    "type": "custom"
                },
                {
                    "url": "https://github.com/fabpot",
                    "type": "github"
                },
                {
                    "url": "https://tidelift.com/funding/github/packagist/symfony/symfony",
                    "type": "tidelift"
                }
            ],
            "time": "2022-11-03T14:55:06+00:00"
        },
        {
            "name": "symfony/service-contracts",
            "version": "v3.3.0",
            "source": {
                "type": "git",
                "url": "https://github.com/symfony/service-contracts.git",
                "reference": "40da9cc13ec349d9e4966ce18b5fbcd724ab10a4"
            },
            "dist": {
                "type": "zip",
                "url": "https://api.github.com/repos/symfony/service-contracts/zipball/40da9cc13ec349d9e4966ce18b5fbcd724ab10a4",
                "reference": "40da9cc13ec349d9e4966ce18b5fbcd724ab10a4",
                "shasum": ""
            },
            "require": {
                "php": ">=8.1",
                "psr/container": "^2.0"
            },
            "conflict": {
                "ext-psr": "<1.1|>=2"
            },
            "type": "library",
            "extra": {
                "branch-alias": {
                    "dev-main": "3.4-dev"
                },
                "thanks": {
                    "name": "symfony/contracts",
                    "url": "https://github.com/symfony/contracts"
                }
            },
            "autoload": {
                "psr-4": {
                    "Symfony\\Contracts\\Service\\": ""
                },
                "exclude-from-classmap": [
                    "/Test/"
                ]
            },
            "notification-url": "https://packagist.org/downloads/",
            "license": [
                "MIT"
            ],
            "authors": [
                {
                    "name": "Nicolas Grekas",
                    "email": "p@tchwork.com"
                },
                {
                    "name": "Symfony Community",
                    "homepage": "https://symfony.com/contributors"
                }
            ],
            "description": "Generic abstractions related to writing services",
            "homepage": "https://symfony.com",
            "keywords": [
                "abstractions",
                "contracts",
                "decoupling",
                "interfaces",
                "interoperability",
                "standards"
            ],
            "support": {
                "source": "https://github.com/symfony/service-contracts/tree/v3.3.0"
            },
            "funding": [
                {
                    "url": "https://symfony.com/sponsor",
                    "type": "custom"
                },
                {
                    "url": "https://github.com/fabpot",
                    "type": "github"
                },
                {
                    "url": "https://tidelift.com/funding/github/packagist/symfony/symfony",
                    "type": "tidelift"
                }
            ],
            "time": "2023-05-23T14:45:45+00:00"
        },
        {
            "name": "symfony/string",
            "version": "v6.3.0",
            "source": {
                "type": "git",
                "url": "https://github.com/symfony/string.git",
                "reference": "f2e190ee75ff0f5eced645ec0be5c66fac81f51f"
            },
            "dist": {
                "type": "zip",
                "url": "https://api.github.com/repos/symfony/string/zipball/f2e190ee75ff0f5eced645ec0be5c66fac81f51f",
                "reference": "f2e190ee75ff0f5eced645ec0be5c66fac81f51f",
                "shasum": ""
            },
            "require": {
                "php": ">=8.1",
                "symfony/polyfill-ctype": "~1.8",
                "symfony/polyfill-intl-grapheme": "~1.0",
                "symfony/polyfill-intl-normalizer": "~1.0",
                "symfony/polyfill-mbstring": "~1.0"
            },
            "conflict": {
                "symfony/translation-contracts": "<2.5"
            },
            "require-dev": {
                "symfony/error-handler": "^5.4|^6.0",
                "symfony/http-client": "^5.4|^6.0",
                "symfony/intl": "^6.2",
                "symfony/translation-contracts": "^2.5|^3.0",
                "symfony/var-exporter": "^5.4|^6.0"
            },
            "type": "library",
            "autoload": {
                "files": [
                    "Resources/functions.php"
                ],
                "psr-4": {
                    "Symfony\\Component\\String\\": ""
                },
                "exclude-from-classmap": [
                    "/Tests/"
                ]
            },
            "notification-url": "https://packagist.org/downloads/",
            "license": [
                "MIT"
            ],
            "authors": [
                {
                    "name": "Nicolas Grekas",
                    "email": "p@tchwork.com"
                },
                {
                    "name": "Symfony Community",
                    "homepage": "https://symfony.com/contributors"
                }
            ],
            "description": "Provides an object-oriented API to strings and deals with bytes, UTF-8 code points and grapheme clusters in a unified way",
            "homepage": "https://symfony.com",
            "keywords": [
                "grapheme",
                "i18n",
                "string",
                "unicode",
                "utf-8",
                "utf8"
            ],
            "support": {
                "source": "https://github.com/symfony/string/tree/v6.3.0"
            },
            "funding": [
                {
                    "url": "https://symfony.com/sponsor",
                    "type": "custom"
                },
                {
                    "url": "https://github.com/fabpot",
                    "type": "github"
                },
                {
                    "url": "https://tidelift.com/funding/github/packagist/symfony/symfony",
                    "type": "tidelift"
                }
            ],
            "time": "2023-03-21T21:06:29+00:00"
        },
        {
            "name": "symfony/yaml",
            "version": "v5.4.23",
            "source": {
                "type": "git",
                "url": "https://github.com/symfony/yaml.git",
                "reference": "4cd2e3ea301aadd76a4172756296fe552fb45b0b"
            },
            "dist": {
                "type": "zip",
                "url": "https://api.github.com/repos/symfony/yaml/zipball/4cd2e3ea301aadd76a4172756296fe552fb45b0b",
                "reference": "4cd2e3ea301aadd76a4172756296fe552fb45b0b",
                "shasum": ""
            },
            "require": {
                "php": ">=7.2.5",
                "symfony/deprecation-contracts": "^2.1|^3",
                "symfony/polyfill-ctype": "^1.8"
            },
            "conflict": {
                "symfony/console": "<5.3"
            },
            "require-dev": {
                "symfony/console": "^5.3|^6.0"
            },
            "suggest": {
                "symfony/console": "For validating YAML files using the lint command"
            },
            "bin": [
                "Resources/bin/yaml-lint"
            ],
            "type": "library",
            "autoload": {
                "psr-4": {
                    "Symfony\\Component\\Yaml\\": ""
                },
                "exclude-from-classmap": [
                    "/Tests/"
                ]
            },
            "notification-url": "https://packagist.org/downloads/",
            "license": [
                "MIT"
            ],
            "authors": [
                {
                    "name": "Fabien Potencier",
                    "email": "fabien@symfony.com"
                },
                {
                    "name": "Symfony Community",
                    "homepage": "https://symfony.com/contributors"
                }
            ],
            "description": "Loads and dumps YAML files",
            "homepage": "https://symfony.com",
            "support": {
                "source": "https://github.com/symfony/yaml/tree/v5.4.23"
            },
            "funding": [
                {
                    "url": "https://symfony.com/sponsor",
                    "type": "custom"
                },
                {
                    "url": "https://github.com/fabpot",
                    "type": "github"
                },
                {
                    "url": "https://tidelift.com/funding/github/packagist/symfony/symfony",
                    "type": "tidelift"
                }
            ],
            "time": "2023-04-23T19:33:36+00:00"
        }
    ],
    "packages-dev": [],
    "aliases": [],
    "minimum-stability": "stable",
    "stability-flags": [],
    "prefer-stable": false,
    "prefer-lowest": false,
    "platform": [],
    "platform-dev": [],
    "plugin-api-version": "2.3.0"
}
